
Microsoft Visual Studio Solution File, Format Version 12.00
# Visual Studio Version 16
VisualStudioVersion = 16.0.30002.166
MinimumVisualStudioVersion = 10.0.40219.1
Project("{2150E333-8FDC-42A3-9474-1A3956D46DE8}") = "1 - Presentation", "1 - Presentation", "{C7DC38F0-6B8E-4DB2-8FF2-9E1AAA73FC8B}"
EndProject
Project("{2150E333-8FDC-42A3-9474-1A3956D46DE8}") = "2 - Application", "2 - Application", "{DE51B780-2693-4CBF-A922-AAD7B06CFD08}"
EndProject
Project("{2150E333-8FDC-42A3-9474-1A3956D46DE8}") = "3 - Domain", "3 - Domain", "{3E2618F8-B5C9-49E3-99D6-89CDCD5142B9}"
EndProject
Project("{2150E333-8FDC-42A3-9474-1A3956D46DE8}") = "4 - Infrastructure", "4 - Infrastructure", "{CC416411-5197-4696-93D3-80572EDCDE1C}"
EndProject
Project("{2150E333-8FDC-42A3-9474-1A3956D46DE8}") = "5 - Tests", "5 - Tests", "{C459C277-8310-4F43-9E18-7149C32ABAC5}"
EndProject
Project("{9A19103F-16F7-4668-BE54-9A1E7A4F7556}") = "Cardiompp.WebApi", "src\Cardiompp.WebApi\Cardiompp.WebApi.csproj", "{5F298F0A-E474-400E-926B-F81A4B600525}"
EndProject
Project("{9A19103F-16F7-4668-BE54-9A1E7A4F7556}") = "Cardiompp.Application", "src\Cardiompp.Application\Cardiompp.Application.csproj", "{951C8BDA-00A0-4860-B028-41EEF2723D0B}"
EndProject
Project("{9A19103F-16F7-4668-BE54-9A1E7A4F7556}") = "Cardiompp.Domain", "src\Cardiompp.Domain\Cardiompp.Domain.csproj", "{747E391A-79CB-4A33-B0F2-E7DF52CD556B}"
EndProject
Project("{2150E333-8FDC-42A3-9474-1A3956D46DE8}") = "Solution Items", "Solution Items", "{C2559684-D062-4EC5-92BE-D65CAF8C7D01}"
	ProjectSection(SolutionItems) = preProject
		.gitignore = .gitignore
	EndProjectSection
EndProject
Project("{9A19103F-16F7-4668-BE54-9A1E7A4F7556}") = "Cardiompp.Application.Test", "test\Cardiompp.Application.Test\Cardiompp.Application.Test.csproj", "{4E77B666-B15C-4B55-8DF9-4F676DD4B32D}"
EndProject
Project("{9A19103F-16F7-4668-BE54-9A1E7A4F7556}") = "Cardiompp.Infrastructure.Data", "src\Cardiompp.Infrastructure\Cardiompp.Infrastructure.Data\Cardiompp.Infrastructure.Data.csproj", "{2C8547E8-8BAF-44DB-88B5-A08EA68ED6EB}"
EndProject
Project("{9A19103F-16F7-4668-BE54-9A1E7A4F7556}") = "Cardiompp.Infrastructure.CrossCutting", "src\Cardiompp.Infrastructure\Cardiompp.Infrastructure.CrossCutting\Cardiompp.Infrastructure.CrossCutting.csproj", "{19A0EC35-CDC2-4CEB-BEB4-6E211363A7D0}"
EndProject
Project("{9A19103F-16F7-4668-BE54-9A1E7A4F7556}") = "Cardiompp.Infrastructure.CrossCutting.Ioc", "src\Cardiompp.Infrastructure\Cardiompp.Infrastructure.CrossCutting.Ioc\Cardiompp.Infrastructure.CrossCutting.Ioc.csproj", "{7723F8CE-97D6-4E7D-93D4-D250B0992240}"
EndProject
Project("{FAE04EC0-301F-11D3-BF4B-00C04F79EFBC}") = "Cardiompp.Infrastructure.CrossCutting.Services", "src\Cardiompp.Infrastructure\Cardiompp.Infrastructure.CrossCutting.Services\Cardiompp.Infrastructure.CrossCutting.Services.csproj", "{F6FE20A2-12CF-46C6-9B5A-AD4EF7505BCF}"
EndProject
Global
	GlobalSection(SolutionConfigurationPlatforms) = preSolution
		Debug|Any CPU = Debug|Any CPU
		Release|Any CPU = Release|Any CPU
	EndGlobalSection
	GlobalSection(ProjectConfigurationPlatforms) = postSolution
		{5F298F0A-E474-400E-926B-F81A4B600525}.Debug|Any CPU.ActiveCfg = Debug|Any CPU
		{5F298F0A-E474-400E-926B-F81A4B600525}.Debug|Any CPU.Build.0 = Debug|Any CPU
		{5F298F0A-E474-400E-926B-F81A4B600525}.Release|Any CPU.ActiveCfg = Release|Any CPU
		{5F298F0A-E474-400E-926B-F81A4B600525}.Release|Any CPU.Build.0 = Release|Any CPU
		{951C8BDA-00A0-4860-B028-41EEF2723D0B}.Debug|Any CPU.ActiveCfg = Debug|Any CPU
		{951C8BDA-00A0-4860-B028-41EEF2723D0B}.Debug|Any CPU.Build.0 = Debug|Any CPU
		{951C8BDA-00A0-4860-B028-41EEF2723D0B}.Release|Any CPU.ActiveCfg = Release|Any CPU
		{951C8BDA-00A0-4860-B028-41EEF2723D0B}.Release|Any CPU.Build.0 = Release|Any CPU
		{747E391A-79CB-4A33-B0F2-E7DF52CD556B}.Debug|Any CPU.ActiveCfg = Debug|Any CPU
		{747E391A-79CB-4A33-B0F2-E7DF52CD556B}.Debug|Any CPU.Build.0 = Debug|Any CPU
		{747E391A-79CB-4A33-B0F2-E7DF52CD556B}.Release|Any CPU.ActiveCfg = Release|Any CPU
		{747E391A-79CB-4A33-B0F2-E7DF52CD556B}.Release|Any CPU.Build.0 = Release|Any CPU
		{4E77B666-B15C-4B55-8DF9-4F676DD4B32D}.Debug|Any CPU.ActiveCfg = Debug|Any CPU
		{4E77B666-B15C-4B55-8DF9-4F676DD4B32D}.Debug|Any CPU.Build.0 = Debug|Any CPU
		{4E77B666-B15C-4B55-8DF9-4F676DD4B32D}.Release|Any CPU.ActiveCfg = Release|Any CPU
		{4E77B666-B15C-4B55-8DF9-4F676DD4B32D}.Release|Any CPU.Build.0 = Release|Any CPU
		{2C8547E8-8BAF-44DB-88B5-A08EA68ED6EB}.Debug|Any CPU.ActiveCfg = Debug|Any CPU
		{2C8547E8-8BAF-44DB-88B5-A08EA68ED6EB}.Debug|Any CPU.Build.0 = Debug|Any CPU
		{2C8547E8-8BAF-44DB-88B5-A08EA68ED6EB}.Release|Any CPU.ActiveCfg = Release|Any CPU
		{2C8547E8-8BAF-44DB-88B5-A08EA68ED6EB}.Release|Any CPU.Build.0 = Release|Any CPU
		{19A0EC35-CDC2-4CEB-BEB4-6E211363A7D0}.Debug|Any CPU.ActiveCfg = Debug|Any CPU
		{19A0EC35-CDC2-4CEB-BEB4-6E211363A7D0}.Debug|Any CPU.Build.0 = Debug|Any CPU
		{19A0EC35-CDC2-4CEB-BEB4-6E211363A7D0}.Release|Any CPU.ActiveCfg = Release|Any CPU
		{19A0EC35-CDC2-4CEB-BEB4-6E211363A7D0}.Release|Any CPU.Build.0 = Release|Any CPU
		{7723F8CE-97D6-4E7D-93D4-D250B0992240}.Debug|Any CPU.ActiveCfg = Debug|Any CPU
		{7723F8CE-97D6-4E7D-93D4-D250B0992240}.Debug|Any CPU.Build.0 = Debug|Any CPU
		{7723F8CE-97D6-4E7D-93D4-D250B0992240}.Release|Any CPU.ActiveCfg = Release|Any CPU
		{7723F8CE-97D6-4E7D-93D4-D250B0992240}.Release|Any CPU.Build.0 = Release|Any CPU
		{F6FE20A2-12CF-46C6-9B5A-AD4EF7505BCF}.Debug|Any CPU.ActiveCfg = Debug|Any CPU
		{F6FE20A2-12CF-46C6-9B5A-AD4EF7505BCF}.Debug|Any CPU.Build.0 = Debug|Any CPU
		{F6FE20A2-12CF-46C6-9B5A-AD4EF7505BCF}.Release|Any CPU.ActiveCfg = Release|Any CPU
		{F6FE20A2-12CF-46C6-9B5A-AD4EF7505BCF}.Release|Any CPU.Build.0 = Release|Any CPU
	EndGlobalSection
	GlobalSection(SolutionProperties) = preSolution
		HideSolutionNode = FALSE
	EndGlobalSection
	GlobalSection(NestedProjects) = preSolution
		{5F298F0A-E474-400E-926B-F81A4B600525} = {C7DC38F0-6B8E-4DB2-8FF2-9E1AAA73FC8B}
		{951C8BDA-00A0-4860-B028-41EEF2723D0B} = {DE51B780-2693-4CBF-A922-AAD7B06CFD08}
		{747E391A-79CB-4A33-B0F2-E7DF52CD556B} = {3E2618F8-B5C9-49E3-99D6-89CDCD5142B9}
		{4E77B666-B15C-4B55-8DF9-4F676DD4B32D} = {C459C277-8310-4F43-9E18-7149C32ABAC5}
		{2C8547E8-8BAF-44DB-88B5-A08EA68ED6EB} = {CC416411-5197-4696-93D3-80572EDCDE1C}
		{19A0EC35-CDC2-4CEB-BEB4-6E211363A7D0} = {CC416411-5197-4696-93D3-80572EDCDE1C}
		{7723F8CE-97D6-4E7D-93D4-D250B0992240} = {CC416411-5197-4696-93D3-80572EDCDE1C}
		{F6FE20A2-12CF-46C6-9B5A-AD4EF7505BCF} = {CC416411-5197-4696-93D3-80572EDCDE1C}
	EndGlobalSection
	GlobalSection(ExtensibilityGlobals) = postSolution
		SolutionGuid = {F2C2DF05-D9E4-4AC6-A852-390F80300367}
	EndGlobalSection
EndGlobal
